{
    "_readme": [
        "This file locks the dependencies of your project to a known state",
        "Read more about it at https://getcomposer.org/doc/01-basic-usage.md#installing-dependencies",
        "This file is @generated automatically"
    ],
    "content-hash": "6f40981304d6a8986a0c8125a0053f0d",
    "packages": [
        {
            "name": "erusev/parsedown",
            "version": "1.7.3",
            "source": {
                "type": "git",
                "url": "https://github.com/erusev/parsedown.git",
                "reference": "6d893938171a817f4e9bc9e86f2da1e370b7bcd7"
            },
            "dist": {
                "type": "zip",
                "url": "https://api.github.com/repos/erusev/parsedown/zipball/6d893938171a817f4e9bc9e86f2da1e370b7bcd7",
                "reference": "6d893938171a817f4e9bc9e86f2da1e370b7bcd7",
                "shasum": ""
            },
            "require": {
                "ext-mbstring": "*",
                "php": ">=5.3.0"
            },
            "require-dev": {
                "phpunit/phpunit": "^4.8.35"
            },
            "type": "library",
            "autoload": {
                "psr-0": {
                    "Parsedown": ""
                }
            },
            "notification-url": "https://packagist.org/downloads/",
            "license": [
                "MIT"
            ],
            "authors": [
                {
                    "name": "Emanuil Rusev",
                    "email": "hello@erusev.com",
                    "homepage": "http://erusev.com"
                }
            ],
            "description": "Parser for Markdown.",
            "homepage": "http://parsedown.org",
            "keywords": [
                "markdown",
                "parser"
            ],
            "time": "2019-03-17T18:48:37+00:00"
        },
        {
            "name": "htmlburger/carbon-common",
            "version": "1.2.7",
            "source": {
                "type": "git",
                "url": "https://bitbucket.org/htmlburger/carbon-common.git",
                "reference": "aaa0ce3fee89fadbfd514795e2edcc426ba0215c"
            },
            "dist": {
                "type": "zip",
                "url": "https://bitbucket.org/htmlburger/carbon-common/get/aaa0ce3fee89fadbfd514795e2edcc426ba0215c.zip",
                "reference": "aaa0ce3fee89fadbfd514795e2edcc426ba0215c",
                "shasum": ""
            },
            "type": "library",
            "autoload": {
                "files": [
                    "carbon-common.php"
                ]
            },
            "notification-url": "https://packagist.org/downloads/",
            "license": [
                "GPL-2.0"
            ],
            "authors": [
                {
                    "name": "htmlBurger",
                    "email": "info@htmlburger.com"
                }
            ],
            "description": "A collection of common utility functions, useful for building WordPress themes and plugins.",
            "homepage": "https://bitbucket.org/htmlburger/carbon-common",
            "time": "2018-11-07T13:14:41+00:00"
        },
        {
            "name": "htmlburger/carbon-field-icon",
            "version": "v3.1.0",
            "source": {
                "type": "git",
                "url": "https://github.com/htmlburger/carbon-field-icon.git",
                "reference": "fe0341462e8c8681bb7ff20380974022578e15b0"
            },
            "dist": {
                "type": "zip",
                "url": "https://api.github.com/repos/htmlburger/carbon-field-icon/zipball/fe0341462e8c8681bb7ff20380974022578e15b0",
                "reference": "fe0341462e8c8681bb7ff20380974022578e15b0",
                "shasum": ""
            },
            "require": {
                "htmlburger/carbon-fields": "^3.0"
            },
            "type": "library",
            "autoload": {
                "files": [
                    "core/bootstrap.php"
                ],
                "psr-4": {
                    "Carbon_Field_Icon\\": "core/"
                }
            },
            "notification-url": "https://packagist.org/downloads/",
            "license": [
                "GPL-2.0+"
            ],
            "authors": [
                {
                    "name": "htmlBurger",
                    "email": "wordpress@htmlburger.com",
                    "homepage": "https://htmlburger.com/",
                    "role": "Developer"
                },
                {
                    "name": "Georgi Stoyanov",
                    "email": "stoyanov.gs@gmail.com",
                    "role": "Developer"
                },
                {
                    "name": "Atanas Angelov",
                    "email": "atanas.angelov.dev@gmail.com",
                    "role": "Developer"
                }
            ],
            "description": "Carbon Fields extension, that adds a Icon field type.",
            "keywords": [
                "carbon-field",
                "carbon-field-icon",
                "wordpress"
            ],
            "time": "2019-05-07T12:38:53+00:00"
        },
        {
            "name": "htmlburger/carbon-fields",
            "version": "v3.1.1",
            "source": {
                "type": "git",
                "url": "https://github.com/htmlburger/carbon-fields.git",
                "reference": "65bd40b6e70ccbaeb9d0989c5589299f0983de04"
            },
            "dist": {
                "type": "zip",
                "url": "https://api.github.com/repos/htmlburger/carbon-fields/zipball/65bd40b6e70ccbaeb9d0989c5589299f0983de04",
                "reference": "65bd40b6e70ccbaeb9d0989c5589299f0983de04",
                "shasum": ""
            },
            "require": {
                "php": ">=5.3"
            },
            "require-dev": {
                "mockery/mockery": "^0.9.7",
                "phpunit/phpunit": "~4.8"
            },
            "type": "library",
            "autoload": {
                "psr-4": {
                    "Carbon_Fields\\": "core/"
                }
            },
            "notification-url": "https://packagist.org/downloads/",
            "license": [
                "GPL-2.0-only"
            ],
            "authors": [
                {
                    "name": "htmlBurger",
                    "email": "wordpress@htmlburger.com",
                    "homepage": "https://htmlburger.com/",
                    "role": "Developer"
                },
                {
                    "name": "Marin Atanasov",
                    "email": "contact@marinatanasov.com",
                    "homepage": "http://marinatanasov.com/",
                    "role": "Developer"
                },
                {
                    "name": "Siyan Panayotov",
                    "homepage": "http://siyanpanayotov.com/",
                    "role": "Developer"
                },
                {
                    "name": "Georgi Stoyanov",
                    "email": "stoyanov.gs@gmail.com",
                    "role": "Developer"
                },
                {
                    "name": "Stanimir Panchev",
                    "email": "Stan4omir@gmail.com",
                    "role": "Developer"
                },
                {
                    "name": "Peter Petrov",
                    "email": "peter.petrov89@gmail.com",
                    "role": "Developer"
                },
                {
                    "name": "Plamen Kostadinov",
                    "email": "pkostadinov.2create@gmail.com",
                    "homepage": "http://plasmen.info/",
                    "role": "Developer"
                },
                {
                    "name": "Stanimir Stoyanov",
                    "email": "stanimir.k.stoyanov@gmail.com",
                    "role": "Developer"
                },
                {
                    "name": "Georgi Popov",
                    "homepage": "http://magadanski.com/",
                    "role": "Developer"
                },
                {
                    "name": "German Velchev",
                    "email": "germozy@gmail.com",
                    "role": "Developer"
                },
                {
                    "name": "Rashko Petrov",
                    "email": "brutalenemy666@gmail.com",
                    "homepage": "http://errorfactory.com/",
                    "role": "Developer"
                },
                {
                    "name": "Miroslav Mitev",
                    "email": "mmitev.2create@gmail.com",
                    "role": "Developer"
                },
                {
                    "name": "Kaloyan Ivanov",
                    "email": "kaloyanxivanov@gmail.com",
                    "homepage": "http://vilepixels.com/",
                    "role": "Developer"
                },
                {
                    "name": "Atanas Angelov",
                    "email": "atanas.angelov.dev@gmail.com",
                    "role": "Developer"
                },
                {
                    "name": "Alexander Panayotov",
                    "email": "alexander.panayotov@gmail.com",
                    "homepage": "http://alexanderpanayotov.com/",
                    "role": "Developer"
                },
                {
                    "name": "Viktor Vasilev",
                    "email": "liberalcho@gmail.com",
                    "role": "Developer"
                },
                {
                    "name": "Georgi Georgiev",
                    "email": "george.georgiev96@gmail.com",
                    "role": "Developer"
                },
                {
                    "name": "Atanas Vasilev",
                    "email": "atanasvasilev91@gmail.com",
                    "role": "Developer"
                }
            ],
            "description": "WordPress developer-friendly custom fields for post types, taxonomy terms, users, comments, widgets, options and more.",
            "homepage": "http://carbonfields.net/",
            "time": "2019-04-11T09:46:37+00:00"
        },
        {
            "name": "htmlburger/carbon-fragment",
            "version": "1.0.1",
            "source": {
                "type": "git",
                "url": "https://bitbucket.org/htmlburger/carbon-fragment.git",
                "reference": "28a3cea0c986cd424bd6b8d5b16f904f5bf74741"
            },
            "dist": {
                "type": "zip",
                "url": "https://bitbucket.org/htmlburger/carbon-fragment/get/28a3cea0c986cd424bd6b8d5b16f904f5bf74741.zip",
                "reference": "28a3cea0c986cd424bd6b8d5b16f904f5bf74741",
                "shasum": ""
            },
            "type": "library",
            "autoload": {
                "files": [
                    "carbon-fragment.php"
                ]
            },
            "notification-url": "https://packagist.org/downloads/",
            "license": [
                "GPL-2.0"
            ],
            "authors": [
                {
                    "name": "htmlBurger",
                    "email": "info@htmlburger.com"
                }
            ],
            "description": "A tiny tool that allows passing variables to theme fragment files.",
            "homepage": "https://bitbucket.org/htmlburger/carbon-fragment",
            "time": "2017-05-30T09:39:44+00:00"
        },
        {
            "name": "htmlburger/carbon-pagination",
            "version": "v1.1.6",
            "source": {
                "type": "git",
                "url": "https://bitbucket.org/htmlburger/carbon-pagination.git",
                "reference": "fc3251acc572a0af79a95189816a13c728f570b7"
            },
            "dist": {
                "type": "zip",
                "url": "https://bitbucket.org/htmlburger/carbon-pagination/get/fc3251acc572a0af79a95189816a13c728f570b7.zip",
                "reference": "fc3251acc572a0af79a95189816a13c728f570b7",
                "shasum": ""
            },
            "type": "library",
            "autoload": {
                "files": [
                    "carbon-pagination.php"
                ]
            },
            "notification-url": "https://packagist.org/downloads/",
            "license": [
                "GPL-2.0+"
            ],
            "authors": [
                {
                    "name": "Marin Atanasov",
                    "email": "contact@marinatanasov.com"
                },
                {
                    "name": "htmlBurger",
                    "email": "info@htmlburger.com"
                }
            ],
            "description": "A handy WordPress library for building all kinds of paginations.",
            "homepage": "https://bitbucket.org/htmlburger/carbon-pagination",
            "keywords": [
                "carbon",
                "comments",
                "first",
                "last",
                "loop",
                "next",
                "page",
                "pages",
                "pagination",
                "paging",
                "prev"
            ],
            "time": "2018-09-03T18:21:35+00:00"
        },
        {
            "name": "htmlburger/carbon-video",
            "version": "1.0.1",
            "source": {
                "type": "git",
                "url": "https://bitbucket.org/htmlburger/carbon-video.git",
                "reference": "9e4acd845f11de1bf179321174fd40a570133c05"
            },
            "dist": {
                "type": "zip",
                "url": "https://bitbucket.org/htmlburger/carbon-video/get/9e4acd845f11de1bf179321174fd40a570133c05.zip",
                "reference": "9e4acd845f11de1bf179321174fd40a570133c05",
                "shasum": ""
            },
            "type": "library",
            "autoload": {
                "files": [
                    "carbon-video.php"
                ]
            },
            "notification-url": "https://packagist.org/downloads/",
            "license": [
                "GPL-2.0"
            ],
            "authors": [
                {
                    "name": "htmlBurger",
                    "email": "info@htmlburger.com"
                }
            ],
            "description": "Video utility library.",
            "homepage": "https://bitbucket.org/htmlburger/carbon-video",
            "time": "2018-01-05T15:49:52+00:00"
        },
        {
            "name": "htmlburger/theme-help",
            "version": "1.1.7",
            "source": {
                "type": "git",
                "url": "https://bitbucket.org/htmlburger/theme-help.git",
                "reference": "88bee6233e441cb21ff21cf7f435d3a83e84bd16"
            },
            "dist": {
                "type": "zip",
                "url": "https://bitbucket.org/htmlburger/theme-help/get/88bee6233e441cb21ff21cf7f435d3a83e84bd16.zip",
                "reference": "88bee6233e441cb21ff21cf7f435d3a83e84bd16",
                "shasum": ""
            },
            "require": {
                "erusev/parsedown": "^1.6"
            },
            "type": "library",
            "autoload": {
                "files": [
                    "theme-help.php"
                ]
            },
            "notification-url": "https://packagist.org/downloads/",
            "license": [
                "GPL-2.0"
            ],
            "authors": [
                {
                    "name": "htmlBurger",
                    "email": "info@htmlburger.com"
                }
            ],
            "description": "A tiny helper to render the theme readme.html in the WP Admin.",
            "homepage": "https://bitbucket.org/htmlburger/theme-help",
            "time": "2018-01-08T08:02:32+00:00"
        }
    ],
    "packages-dev": [
        {
            "name": "htmlburger/carbon-debug",
            "version": "1.0.2",
            "source": {
                "type": "git",
                "url": "https://bitbucket.org/htmlburger/carbon-debug.git",
                "reference": "5f9f80817c96df8335c03875d74074862623fe5a"
            },
            "dist": {
                "type": "zip",
                "url": "https://bitbucket.org/htmlburger/carbon-debug/get/5f9f80817c96df8335c03875d74074862623fe5a.zip",
                "reference": "5f9f80817c96df8335c03875d74074862623fe5a",
                "shasum": ""
            },
            "require": {
                "symfony/var-dumper": "~2.7"
            },
            "type": "library",
            "autoload": {
                "files": [
                    "carbon-debug.php"
                ]
            },
            "notification-url": "https://packagist.org/downloads/",
            "license": [
                "GPL-2.0"
            ],
            "authors": [
                {
                    "name": "htmlBurger",
                    "email": "info@htmlburger.com"
                }
            ],
            "description": "Debugging functions, wrapping around Symfony's VarDumper.",
            "homepage": "https://bitbucket.org/htmlburger/carbon-debug",
            "time": "2018-01-08T08:30:17+00:00"
        },
        {
            "name": "symfony/polyfill-mbstring",
            "version": "v1.11.0",
            "source": {
                "type": "git",
                "url": "https://github.com/symfony/polyfill-mbstring.git",
                "reference": "fe5e94c604826c35a32fa832f35bd036b6799609"
            },
            "dist": {
                "type": "zip",
                "url": "https://api.github.com/repos/symfony/polyfill-mbstring/zipball/fe5e94c604826c35a32fa832f35bd036b6799609",
                "reference": "fe5e94c604826c35a32fa832f35bd036b6799609",
                "shasum": ""
            },
            "require": {
                "php": ">=5.3.3"
            },
            "suggest": {
                "ext-mbstring": "For best performance"
            },
            "type": "library",
            "extra": {
                "branch-alias": {
                    "dev-master": "1.11-dev"
                }
            },
            "autoload": {
                "psr-4": {
                    "Symfony\\Polyfill\\Mbstring\\": ""
                },
                "files": [
                    "bootstrap.php"
                ]
            },
            "notification-url": "https://packagist.org/downloads/",
            "license": [
                "MIT"
            ],
            "authors": [
                {
                    "name": "Nicolas Grekas",
                    "email": "p@tchwork.com"
                },
                {
                    "name": "Symfony Community",
                    "homepage": "https://symfony.com/contributors"
                }
            ],
            "description": "Symfony polyfill for the Mbstring extension",
            "homepage": "https://symfony.com",
            "keywords": [
                "compatibility",
                "mbstring",
                "polyfill",
                "portable",
                "shim"
            ],
            "time": "2019-02-06T07:57:58+00:00"
        },
        {
            "name": "symfony/var-dumper",
            "version": "v2.8.50",
            "source": {
                "type": "git",
                "url": "https://github.com/symfony/var-dumper.git",
                "reference": "91abb1e39d14fb7773d25de9c711949ea8502ac1"
            },
            "dist": {
                "type": "zip",
                "url": "https://api.github.com/repos/symfony/var-dumper/zipball/91abb1e39d14fb7773d25de9c711949ea8502ac1",
                "reference": "91abb1e39d14fb7773d25de9c711949ea8502ac1",
                "shasum": ""
            },
            "require": {
                "php": ">=5.3.9",
                "symfony/polyfill-mbstring": "~1.0"
            },
            "conflict": {
                "phpunit/phpunit": "<4.8.35|<5.4.3,>=5.0"
            },
            "require-dev": {
                "ext-iconv": "*",
                "twig/twig": "~1.34|~2.4"
            },
            "suggest": {
                "ext-iconv": "To convert non-UTF-8 strings to UTF-8 (or symfony/polyfill-iconv in case ext-iconv cannot be used).",
                "ext-symfony_debug": ""
            },
            "type": "library",
            "extra": {
                "branch-alias": {
                    "dev-master": "2.8-dev"
                }
            },
            "autoload": {
                "files": [
                    "Resources/functions/dump.php"
                ],
                "psr-4": {
                    "Symfony\\Component\\VarDumper\\": ""
                },
                "exclude-from-classmap": [
                    "/Tests/"
                ]
            },
            "notification-url": "https://packagist.org/downloads/",
            "license": [
                "MIT"
            ],
            "authors": [
                {
                    "name": "Nicolas Grekas",
                    "email": "p@tchwork.com"
                },
                {
                    "name": "Symfony Community",
                    "homepage": "https://symfony.com/contributors"
                }
            ],
            "description": "Symfony mechanism for exploring and dumping PHP variables",
            "homepage": "https://symfony.com",
            "keywords": [
                "debug",
                "dump"
            ],
            "time": "2018-11-11T11:18:13+00:00"
        }
    ],
    "aliases": [],
    "minimum-stability": "stable",
    "stability-flags": {
        "htmlburger/carbon-fields": 20
    },
    "prefer-stable": false,
    "prefer-lowest": false,
    "platform": [],
    "platform-dev": []
}
